
Microsoft Visual Studio Solution File, Format Version 12.00
# Visual Studio Version 17
VisualStudioVersion = 17.4.33103.184
MinimumVisualStudioVersion = 10.0.40219.1
Project("{8BC9CEB8-8B4A-11D0-8D11-00A0C91BC942}") = "PhysicsWorld", "PhysicsWorld\PhysicsWorld.vcxproj", "{DBC398E3-DF52-47B4-B72B-8D6AC5ED053E}"
EndProject
Global
	GlobalSection(SolutionConfigurationPlatforms) = preSolution
		Debug|x64 = Debug|x64
		Release|x64 = Release|x64
	EndGlobalSection
	GlobalSection(ProjectConfigurationPlatforms) = postSolution
		{DBC398E3-DF52-47B4-B72B-8D6AC5ED053E}.Debug|x64.ActiveCfg = Debug|x64
		{DBC398E3-DF52-47B4-B72B-8D6AC5ED053E}.Debug|x64.Build.0 = Debug|x64
		{DBC398E3-DF52-47B4-B72B-8D6AC5ED053E}.Release|x64.ActiveCfg = Release|x64
		{DBC398E3-DF52-47B4-B72B-8D6AC5ED053E}.Release|x64.Build.0 = Release|x64
	EndGlobalSection
	GlobalSection(SolutionProperties) = preSolution
		HideSolutionNode = FALSE
	EndGlobalSection
	GlobalSection(ExtensibilityGlobals) = postSolution
		SolutionGuid = {35CABD74-87CF-4962-9598-E38DC6C0CFAB}
	EndGlobalSection
EndGlobal
